
Microsoft Visual Studio Solution File, Format Version 12.00
Project("{FAE04EC0-301F-11D3-BF4B-00C04F79EFBC}") = "dotnetprimer", "dotnetprimer\dotnetprimer.csproj", "{9670D035-27CD-4615-A964-6DA6948BAC7B}"
EndProject
Project("{2150E333-8FDC-42A3-9474-1A3956D46DE8}") = "Solution Items", "Solution Items", "{6FCA71DD-BD86-4521-82EE-ADE5DA5B913B}"
	ProjectSection(SolutionItems) = preProject
		compose.yaml = compose.yaml
	EndProjectSection
EndProject
Global
	GlobalSection(SolutionConfigurationPlatforms) = preSolution
		Debug|Any CPU = Debug|Any CPU
		Release|Any CPU = Release|Any CPU
	EndGlobalSection
	GlobalSection(ProjectConfigurationPlatforms) = postSolution
		{9670D035-27CD-4615-A964-6DA6948BAC7B}.Debug|Any CPU.ActiveCfg = Debug|Any CPU
		{9670D035-27CD-4615-A964-6DA6948BAC7B}.Debug|Any CPU.Build.0 = Debug|Any CPU
		{9670D035-27CD-4615-A964-6DA6948BAC7B}.Release|Any CPU.ActiveCfg = Release|Any CPU
		{9670D035-27CD-4615-A964-6DA6948BAC7B}.Release|Any CPU.Build.0 = Release|Any CPU
	EndGlobalSection
EndGlobal
